
Microsoft Visual Studio Solution File, Format Version 12.00
# Visual Studio Version 16
VisualStudioVersion = 16.0.29215.179
MinimumVisualStudioVersion = 10.0.40219.1
Project("{FAE04EC0-301F-11D3-BF4B-00C04F79EFBC}") = "MyWebPage", "MyWebPage\MyWebPage.csproj", "{2DBBBA4B-4B1C-4D12-B201-5B1652909DD4}"
EndProject
Global
	GlobalSection(SolutionConfigurationPlatforms) = preSolution
		Debug|Any CPU = Debug|Any CPU
		Release|Any CPU = Release|Any CPU
	EndGlobalSection
	GlobalSection(ProjectConfigurationPlatforms) = postSolution
		{2DBBBA4B-4B1C-4D12-B201-5B1652909DD4}.Debug|Any CPU.ActiveCfg = Debug|Any CPU
		{2DBBBA4B-4B1C-4D12-B201-5B1652909DD4}.Debug|Any CPU.Build.0 = Debug|Any CPU
		{2DBBBA4B-4B1C-4D12-B201-5B1652909DD4}.Release|Any CPU.ActiveCfg = Release|Any CPU
		{2DBBBA4B-4B1C-4D12-B201-5B1652909DD4}.Release|Any CPU.Build.0 = Release|Any CPU
	EndGlobalSection
	GlobalSection(SolutionProperties) = preSolution
		HideSolutionNode = FALSE
	EndGlobalSection
	GlobalSection(ExtensibilityGlobals) = postSolution
		SolutionGuid = {20775DBD-5A28-4823-B7E3-F51EDA82BF9C}
	EndGlobalSection
EndGlobal
